github.com/BurntSushi/toml v0.3.0 h1:e1/Ivsx3Z0FVTV0NSOv/aVgbUWyQuzj7DDnFblkRvsY=
github.com/BurntSushi/toml v0.3.0/go.mod h1:xHWCNGjB5oqiDr8zfno3MHue2Ht5sIBksp03qcyfWMU=
github.com/ChimeraCoder/anaconda v0.0.0-20160604233844-00ecb7b45104 h1:3wWN1vMyVltiEjkkJM1JTleRgGh3QdsX2CG3S7BacAI=
github.com/ChimeraCoder/anaconda v0.0.0-20160604233844-00ecb7b45104/go.mod h1:TCt3MijIq3Qqo9SBtuW/rrM4x7rDfWqYWHj8T7hLcLg=
github.com/ChimeraCoder/anaconda v2.0.0+incompatible h1:slAmCJMpjEztM42qRfhFkh3gBLHnIUUmlMK5zFd60Pc=
github.com/ChimeraCoder/anaconda v2.0.0+incompatible/go.mod h1:TCt3MijIq3Qqo9SBtuW/rrM4x7rDfWqYWHj8T7hLcLg=
github.com/ChimeraCoder/tokenbucket v0.0.0-20131201223612-c5a927568de7 h1:VhNF/1LOAMtJOPjNt+f785lF3H37n1b/kiinFgqL6hM=
github.com/ChimeraCoder/tokenbucket v0.0.0-20131201223612-c5a927568de7/go.mod h1:b2EuEMLSG9q3bZ95ql1+8oVqzzrTNSiOQqSXWFBzxeI=
github.com/azr/backoff v0.0.0-20160115115103-53511d3c7330 h1:ekDALXAVvY/Ub1UtNta3inKQwZ/jMB/zpOtD8rAYh78=
github.com/azr/backoff v0.0.0-20160115115103-53511d3c7330/go.mod h1:nH+k0SvAt3HeiYyOlJpLLv1HG1p7KWP7qU9QPp2/pCo=
github.com/dustin/go-jsonpointer v0.0.0-20160814072949-ba0abeacc3dc h1:tP7tkU+vIsEOKiK+l/NSLN4uUtkyuxc6hgYpQeCWAeI=
github.com/dustin/go-jsonpointer v0.0.0-20160814072949-ba0abeacc3dc/go.mod h1:ORH5Qp2bskd9NzSfKqAF7tKfONsEkCarTE5ESr/RVBw=
github.com/dustin/gojson v0.0.0-20160307161227-2e71ec9dd5ad h1:Qk76DOWdOp+GlyDKBAG3Klr9cn7N+LcYc82AZ2S7+cA=
github.com/dustin/gojson v0.0.0-20160307161227-2e71ec9dd5ad/go.mod h1:mPKfmRa823oBIgl2r20LeMSpTAteW5j7FLkc0vjmzyQ=
github.com/garyburd/go-oauth v0.0.0-20161102235315-da8aea9e20ed h1:eY7W9zmdm7kKhfHALayD8Mefyw6iV0r4xPISpV0tRtE=
github.com/garyburd/go-oauth v0.0.0-20161102235315-da8aea9e20ed/go.mod h1:HfkOCN6fkKKaPSAeNq/er3xObxTW4VLeY6UUK895gLQ=
github.com/jasonlvhit/gocron v0.0.0-20160629181017-42a5804d37aa h1:egYWBLOOyJ69YjvQBRB9UhXDewb4tZ+e/+5QD1WtppU=
github.com/jasonlvhit/gocron v0.0.0-20160629181017-42a5804d37aa/go.mod h1:rwi/esz/h+4oWLhbWWK7f6dtmgLzxeZhnwGr7MCsTNk=
github.com/robfig/cron v0.0.0-20140119015047-b024fc5ea0e3/go.mod h1:JGuDeoQd7Z6yL4zQhZ3OPEVHB7fL6Ka6skscFHfmt2k=
